
Microsoft Visual Studio Solution File, Format Version 11.00
# Visual Studio 2010
Project("{FAE04EC0-301F-11D3-BF4B-00C04F79EFBC}") = "SOF Hud", "Assembly-CSharp.csproj", "{0B235552-734E-452D-6047-27BC1833B13F}"
EndProject
Project("{FAE04EC0-301F-11D3-BF4B-00C04F79EFBC}") = "SOF Hud", "Assembly-CSharp-Editor.csproj", "{DDED9317-A518-2D19-671E-EF53AE691DCF}"
EndProject
Global
	GlobalSection(SolutionConfigurationPlatforms) = preSolution
		Debug|Any CPU = Debug|Any CPU
		Release|Any CPU = Release|Any CPU
	EndGlobalSection
	GlobalSection(ProjectConfigurationPlatforms) = postSolution
		{0B235552-734E-452D-6047-27BC1833B13F}.Debug|Any CPU.ActiveCfg = Debug|Any CPU
		{0B235552-734E-452D-6047-27BC1833B13F}.Debug|Any CPU.Build.0 = Debug|Any CPU
		{0B235552-734E-452D-6047-27BC1833B13F}.Release|Any CPU.ActiveCfg = Release|Any CPU
		{0B235552-734E-452D-6047-27BC1833B13F}.Release|Any CPU.Build.0 = Release|Any CPU
		{DDED9317-A518-2D19-671E-EF53AE691DCF}.Debug|Any CPU.ActiveCfg = Debug|Any CPU
		{DDED9317-A518-2D19-671E-EF53AE691DCF}.Debug|Any CPU.Build.0 = Debug|Any CPU
		{DDED9317-A518-2D19-671E-EF53AE691DCF}.Release|Any CPU.ActiveCfg = Release|Any CPU
		{DDED9317-A518-2D19-671E-EF53AE691DCF}.Release|Any CPU.Build.0 = Release|Any CPU
	EndGlobalSection
	GlobalSection(SolutionProperties) = preSolution
		HideSolutionNode = FALSE
	EndGlobalSection
	GlobalSection(MonoDevelopProperties) = preSolution
		StartupItem = Assembly-CSharp.csproj
	EndGlobalSection
EndGlobal
