
Microsoft Visual Studio Solution File, Format Version 11.00
# Visual Studio 2010
Project("{FAE04EC0-301F-11D3-BF4B-00C04F79EFBC}") = "SOF Hud-1a", "Assembly-CSharp.csproj", "{5F439965-3753-783B-7AAD-7602AEB7926A}"
EndProject
Project("{FAE04EC0-301F-11D3-BF4B-00C04F79EFBC}") = "SOF Hud-1a", "Assembly-CSharp-Editor.csproj", "{76E03E52-C3E7-C2F1-57E3-36A2768F3ED3}"
EndProject
Global
	GlobalSection(SolutionConfigurationPlatforms) = preSolution
		Debug|Any CPU = Debug|Any CPU
		Release|Any CPU = Release|Any CPU
	EndGlobalSection
	GlobalSection(ProjectConfigurationPlatforms) = postSolution
		{5F439965-3753-783B-7AAD-7602AEB7926A}.Debug|Any CPU.ActiveCfg = Debug|Any CPU
		{5F439965-3753-783B-7AAD-7602AEB7926A}.Debug|Any CPU.Build.0 = Debug|Any CPU
		{5F439965-3753-783B-7AAD-7602AEB7926A}.Release|Any CPU.ActiveCfg = Release|Any CPU
		{5F439965-3753-783B-7AAD-7602AEB7926A}.Release|Any CPU.Build.0 = Release|Any CPU
		{76E03E52-C3E7-C2F1-57E3-36A2768F3ED3}.Debug|Any CPU.ActiveCfg = Debug|Any CPU
		{76E03E52-C3E7-C2F1-57E3-36A2768F3ED3}.Debug|Any CPU.Build.0 = Debug|Any CPU
		{76E03E52-C3E7-C2F1-57E3-36A2768F3ED3}.Release|Any CPU.ActiveCfg = Release|Any CPU
		{76E03E52-C3E7-C2F1-57E3-36A2768F3ED3}.Release|Any CPU.Build.0 = Release|Any CPU
	EndGlobalSection
	GlobalSection(SolutionProperties) = preSolution
		HideSolutionNode = FALSE
	EndGlobalSection
	GlobalSection(MonoDevelopProperties) = preSolution
		StartupItem = Assembly-CSharp.csproj
	EndGlobalSection
EndGlobal
